# THIS IS AN AUTOGENERATED FILE. DO NOT EDIT THIS FILE DIRECTLY.
# yarn lockfile v1


"@nestjs/platform-ws@^7.6.18":
  version "7.6.18"
  resolved "https://registry.yarnpkg.com/@nestjs/platform-ws/-/platform-ws-7.6.18.tgz#eb79c5977d0b0834243cdd90c4da113999ca79f7"
  integrity sha512-35iv5rSI/DuMLBkPJJeDJYp+dpoba7nG5OdQsNQjJ8HuxEi5STLweimDxGazxzbLDNSHFE2ghKM1/Uc732i1zQ==
  dependencies:
    tslib "2.2.0"
    ws "7.4.5"

tslib@2.2.0:
  version "2.2.0"
  resolved "https://registry.yarnpkg.com/tslib/-/tslib-2.2.0.tgz#fb2c475977e35e241311ede2693cee1ec6698f5c"
  integrity sha512-gS9GVHRU+RGn5KQM2rllAlR3dU6m7AcpJKdtH8gFvQiC4Otgk98XnmMU+nZenHt/+VhnBPWwgrJsyrdcw6i23w==

ws@7.4.5:
  version "7.4.5"
  resolved "https://registry.yarnpkg.com/ws/-/ws-7.4.5.tgz#a484dd851e9beb6fdb420027e3885e8ce48986c1"
  integrity sha512-xzyu3hFvomRfXKH8vOFMU3OguG6oOvhXMo3xsGy3xWExqaM2dxBbVxuD99O7m3ZUFMvvscsZDqxfgMaRr/Nr1g==
